
Microsoft Visual Studio Solution File, Format Version 12.00
# Visual Studio Version 16
VisualStudioVersion = 16.0.31025.194
MinimumVisualStudioVersion = 10.0.40219.1
Project("{FAE04EC0-301F-11D3-BF4B-00C04F79EFBC}") = "SocketServidor", "SocketServidor\SocketServidor.csproj", "{ADC50045-9A71-489A-BE0E-DD1608636E9E}"
EndProject
Global
	GlobalSection(SolutionConfigurationPlatforms) = preSolution
		Debug|Any CPU = Debug|Any CPU
		Release|Any CPU = Release|Any CPU
	EndGlobalSection
	GlobalSection(ProjectConfigurationPlatforms) = postSolution
		{ADC50045-9A71-489A-BE0E-DD1608636E9E}.Debug|Any CPU.ActiveCfg = Debug|Any CPU
		{ADC50045-9A71-489A-BE0E-DD1608636E9E}.Debug|Any CPU.Build.0 = Debug|Any CPU
		{ADC50045-9A71-489A-BE0E-DD1608636E9E}.Release|Any CPU.ActiveCfg = Release|Any CPU
		{ADC50045-9A71-489A-BE0E-DD1608636E9E}.Release|Any CPU.Build.0 = Release|Any CPU
	EndGlobalSection
	GlobalSection(SolutionProperties) = preSolution
		HideSolutionNode = FALSE
	EndGlobalSection
	GlobalSection(ExtensibilityGlobals) = postSolution
		SolutionGuid = {1EB11E34-9E3D-40FA-88EA-5994B76730B1}
	EndGlobalSection
EndGlobal
